
Microsoft Visual Studio Solution File, Format Version 12.00
# Visual Studio Version 17
VisualStudioVersion = 17.8.34408.163
MinimumVisualStudioVersion = 10.0.40219.1
Project("{FAE04EC0-301F-11D3-BF4B-00C04F79EFBC}") = "CLONE AND COPY DATATABLE", "CLONE AND COPY DATATABLE.csproj", "{ADC1A15B-98DE-4D19-83D8-05F3C65DE899}"
EndProject
Global
	GlobalSection(SolutionConfigurationPlatforms) = preSolution
		Debug|Any CPU = Debug|Any CPU
		Release|Any CPU = Release|Any CPU
	EndGlobalSection
	GlobalSection(ProjectConfigurationPlatforms) = postSolution
		{ADC1A15B-98DE-4D19-83D8-05F3C65DE899}.Debug|Any CPU.ActiveCfg = Debug|Any CPU
		{ADC1A15B-98DE-4D19-83D8-05F3C65DE899}.Debug|Any CPU.Build.0 = Debug|Any CPU
		{ADC1A15B-98DE-4D19-83D8-05F3C65DE899}.Release|Any CPU.ActiveCfg = Release|Any CPU
		{ADC1A15B-98DE-4D19-83D8-05F3C65DE899}.Release|Any CPU.Build.0 = Release|Any CPU
	EndGlobalSection
	GlobalSection(SolutionProperties) = preSolution
		HideSolutionNode = FALSE
	EndGlobalSection
	GlobalSection(ExtensibilityGlobals) = postSolution
		SolutionGuid = {77A50CBF-AE21-45B4-98DE-1D568EDB4A57}
	EndGlobalSection
EndGlobal
